<?xml version="1.0" encoding="utf-8"?>
<Project ToolsVersion="4.0" xmlns="http://schemas.microsoft.com/developer/msbuild/2003">
  <ItemGroup>
    <Filter Include="OpenGLImplementation">
      <UniqueIdentifier>{108F74D8-FC1D-FEA1-A53C-129D91AA0E48}</UniqueIdentifier>
    </Filter>
    <Filter Include="Proto">
      <UniqueIdentifier>{3913E70D-A527-0FBF-6EA9-B21EDA7C0BF0}</UniqueIdentifier>
    </Filter>
    <Filter Include="Proto\EventSystem">
      <UniqueIdentifier>{6FF6FECA-DB0C-FD60-2484-888290D9CDE8}</UniqueIdentifier>
    </Filter>
    <Filter Include="Proto\Layers">
      <UniqueIdentifier>{D8AFD4DB-C412-6480-6D98-9C3659DA2F03}</UniqueIdentifier>
    </Filter>
    <Filter Include="Proto\Layers\Imgui">
      <UniqueIdentifier>{222F88E0-0E13-4936-7773-4389637633B8}</UniqueIdentifier>
    </Filter>
    <Filter Include="RenderAPI">
      <UniqueIdentifier>{BF001F7C-2B6B-D3F2-74A9-8498E052B147}</UniqueIdentifier>
    </Filter>
    <Filter Include="Window">
      <UniqueIdentifier>{3DEA79DA-298C-A4B0-1247-B804FE872B01}</UniqueIdentifier>
    </Filter>
  </ItemGroup>
  <ItemGroup>
    <ClInclude Include="src\OpenGLImplementation\imgui_impl_opengl3.h">
      <Filter>OpenGLImplementation</Filter>
    </ClInclude>
    <ClInclude Include="src\PrecompiledHeaders.h" />
    <ClInclude Include="src\Proto\Application.h">
      <Filter>Proto</Filter>
    </ClInclude>
    <ClInclude Include="src\Proto\Entry.h">
      <Filter>Proto</Filter>
    </ClInclude>
    <ClInclude Include="src\Proto\EntryCore.h">
      <Filter>Proto</Filter>
    </ClInclude>
    <ClInclude Include="src\Proto\EventSystem\AppEvent.h">
      <Filter>Proto\EventSystem</Filter>
    </ClInclude>
    <ClInclude Include="src\Proto\EventSystem\EventHeader.h">
      <Filter>Proto\EventSystem</Filter>
    </ClInclude>
    <ClInclude Include="src\Proto\EventSystem\Keys.h">
      <Filter>Proto\EventSystem</Filter>
    </ClInclude>
    <ClInclude Include="src\Proto\EventSystem\MouseEvent.h">
      <Filter>Proto\EventSystem</Filter>
    </ClInclude>
    <ClInclude Include="src\Proto\InputHub.h">
      <Filter>Proto</Filter>
    </ClInclude>
    <ClInclude Include="src\Proto\LayerClass.h">
      <Filter>Proto</Filter>
    </ClInclude>
    <ClInclude Include="src\Proto\Layers\Imgui\IMGUI_Layer.h">
      <Filter>Proto\Layers\Imgui</Filter>
    </ClInclude>
    <ClInclude Include="src\Proto\Stackable.h">
      <Filter>Proto</Filter>
    </ClInclude>
    <ClInclude Include="src\Proto\Window.h">
      <Filter>Proto</Filter>
    </ClInclude>
    <ClInclude Include="src\Proto\logging.h">
      <Filter>Proto</Filter>
    </ClInclude>
    <ClInclude Include="src\ProtoHeader.h" />
    <ClInclude Include="src\RenderAPI\DirectX.h">
      <Filter>RenderAPI</Filter>
    </ClInclude>
    <ClInclude Include="src\RenderAPI\Vulkan.h">
      <Filter>RenderAPI</Filter>
    </ClInclude>
    <ClInclude Include="src\Window\WindowsApplication.h">
      <Filter>Window</Filter>
    </ClInclude>
    <ClInclude Include="src\Window\WindowsInputHub.h">
      <Filter>Window</Filter>
    </ClInclude>
    <ClInclude Include="src\ASCII.h" />
  </ItemGroup>
  <ItemGroup>
    <ClCompile Include="src\OpenGLImplementation\imgui_impl_opengl3.cpp">
      <Filter>OpenGLImplementation</Filter>
    </ClCompile>
    <ClCompile Include="src\PrecompiledHeaders.cpp" />
    <ClCompile Include="src\Proto\Application.cpp">
      <Filter>Proto</Filter>
    </ClCompile>
    <ClCompile Include="src\Proto\LayerClass.cpp">
      <Filter>Proto</Filter>
    </ClCompile>
    <ClCompile Include="src\Proto\Layers\Imgui\IMGUI_Layer.cpp">
      <Filter>Proto\Layers\Imgui</Filter>
    </ClCompile>
    <ClCompile Include="src\Proto\Stackable.cpp">
      <Filter>Proto</Filter>
    </ClCompile>
    <ClCompile Include="src\Proto\logging.cpp">
      <Filter>Proto</Filter>
    </ClCompile>
    <ClCompile Include="src\RenderAPI\DirectX.cpp">
      <Filter>RenderAPI</Filter>
    </ClCompile>
    <ClCompile Include="src\RenderAPI\Vulkan.cpp">
      <Filter>RenderAPI</Filter>
    </ClCompile>
    <ClCompile Include="src\Window\WindowsApplication.cpp">
      <Filter>Window</Filter>
    </ClCompile>
    <ClCompile Include="src\Window\WindowsInputHub.cpp">
      <Filter>Window</Filter>
    </ClCompile>
  </ItemGroup>
</Project>